// !$*UTF8*$!
{
	archiveVersion = 1;
	classes = {
	};
	objectVersion = 56;
	objects = {

/* Begin PBXBuildFile section */
		FF0D89DD29D0EC110062BC52 /* Launch Screen.storyboard in Resources */ = {isa = PBXBuildFile; fileRef = FF0D89DC29D0EC110062BC52 /* Launch Screen.storyboard */; };
		FF18C24129BA8010004EF3A3 /* FirebaseAnalytics in Frameworks */ = {isa = PBXBuildFile; productRef = FF18C24029BA8010004EF3A3 /* FirebaseAnalytics */; };
		FF18C24329BA8010004EF3A3 /* FirebaseAuth in Frameworks */ = {isa = PBXBuildFile; productRef = FF18C24229BA8010004EF3A3 /* FirebaseAuth */; };
		FF18C24529BA8010004EF3A3 /* FirebaseFirestore in Frameworks */ = {isa = PBXBuildFile; productRef = FF18C24429BA8010004EF3A3 /* FirebaseFirestore */; };
		FF18C24729BA8010004EF3A3 /* FirebaseFirestoreSwift in Frameworks */ = {isa = PBXBuildFile; productRef = FF18C24629BA8010004EF3A3 /* FirebaseFirestoreSwift */; };
		FF18C24929BA8010004EF3A3 /* FirebaseStorage in Frameworks */ = {isa = PBXBuildFile; productRef = FF18C24829BA8010004EF3A3 /* FirebaseStorage */; };
		FF18C24B29BA8042004EF3A3 /* AppDelegate.swift in Sources */ = {isa = PBXBuildFile; fileRef = FF18C24A29BA8042004EF3A3 /* AppDelegate.swift */; };
		FF18C24D29BA84D6004EF3A3 /* GoogleService-Info.plist in Resources */ = {isa = PBXBuildFile; fileRef = FF18C24C29BA84D6004EF3A3 /* GoogleService-Info.plist */; };
		FF18C25629BA8E70004EF3A3 /* Introduction.swift in Sources */ = {isa = PBXBuildFile; fileRef = FF18C25529BA8E70004EF3A3 /* Introduction.swift */; };
		FF18C25829BB259D004EF3A3 /* AuthViewModel.swift in Sources */ = {isa = PBXBuildFile; fileRef = FF18C25729BB259D004EF3A3 /* AuthViewModel.swift */; };
		FF18C25A29BB25A6004EF3A3 /* AlertViewModel.swift in Sources */ = {isa = PBXBuildFile; fileRef = FF18C25929BB25A6004EF3A3 /* AlertViewModel.swift */; };
		FF18C25C29BB25AF004EF3A3 /* AuthService.swift in Sources */ = {isa = PBXBuildFile; fileRef = FF18C25B29BB25AF004EF3A3 /* AuthService.swift */; };
		FF18C25E29BB2677004EF3A3 /* APIHelper.swift in Sources */ = {isa = PBXBuildFile; fileRef = FF18C25D29BB2677004EF3A3 /* APIHelper.swift */; };
		FF18C26129BB29DA004EF3A3 /* PhoneAuthentication.swift in Sources */ = {isa = PBXBuildFile; fileRef = FF18C26029BB29DA004EF3A3 /* PhoneAuthentication.swift */; };
		FF18C26329BB2D0B004EF3A3 /* Enums.swift in Sources */ = {isa = PBXBuildFile; fileRef = FF18C26229BB2D0B004EF3A3 /* Enums.swift */; };
		FF18C26529BB2D6F004EF3A3 /* IntroductionModel.swift in Sources */ = {isa = PBXBuildFile; fileRef = FF18C26429BB2D6F004EF3A3 /* IntroductionModel.swift */; };
		FF18C26729BB3159004EF3A3 /* IntroductionPage.swift in Sources */ = {isa = PBXBuildFile; fileRef = FF18C26629BB3159004EF3A3 /* IntroductionPage.swift */; };
		FF18C26929BB3199004EF3A3 /* Credentials.swift in Sources */ = {isa = PBXBuildFile; fileRef = FF18C26829BB3199004EF3A3 /* Credentials.swift */; };
		FF18C26B29BB31C2004EF3A3 /* PreviewModels.swift in Sources */ = {isa = PBXBuildFile; fileRef = FF18C26A29BB31C2004EF3A3 /* PreviewModels.swift */; };
		FF18C26D29BB3226004EF3A3 /* AppColors.swift in Sources */ = {isa = PBXBuildFile; fileRef = FF18C26C29BB3226004EF3A3 /* AppColors.swift */; };
		FF18C27029BB34BB004EF3A3 /* ImageHelper.swift in Sources */ = {isa = PBXBuildFile; fileRef = FF18C26F29BB34BB004EF3A3 /* ImageHelper.swift */; };
		FF18C27329BB37C5004EF3A3 /* SDWebImageSwiftUI in Frameworks */ = {isa = PBXBuildFile; productRef = FF18C27229BB37C5004EF3A3 /* SDWebImageSwiftUI */; };
		FF38E9F029CB75A100610F5C /* Activity.swift in Sources */ = {isa = PBXBuildFile; fileRef = FF38E9EF29CB75A100610F5C /* Activity.swift */; };
		FF38E9F229CB75D500610F5C /* ActivityGraph.swift in Sources */ = {isa = PBXBuildFile; fileRef = FF38E9F129CB75D500610F5C /* ActivityGraph.swift */; };
		FF38E9F429CB75E300610F5C /* ActivityViewModel.swift in Sources */ = {isa = PBXBuildFile; fileRef = FF38E9F329CB75E300610F5C /* ActivityViewModel.swift */; };
		FF38E9F629CCC17400610F5C /* ExpensePoint.swift in Sources */ = {isa = PBXBuildFile; fileRef = FF38E9F529CCC17400610F5C /* ExpensePoint.swift */; };
		FF38E9F829CCC48500610F5C /* ActivityModel.swift in Sources */ = {isa = PBXBuildFile; fileRef = FF38E9F729CCC48500610F5C /* ActivityModel.swift */; };
		FF38E9FA29CDDA8000610F5C /* ActivityCard.swift in Sources */ = {isa = PBXBuildFile; fileRef = FF38E9F929CDDA8000610F5C /* ActivityCard.swift */; };
		FF38E9FC29CDDF2F00610F5C /* ActivityService.swift in Sources */ = {isa = PBXBuildFile; fileRef = FF38E9FB29CDDF2F00610F5C /* ActivityService.swift */; };
		FF38E9FE29CE00BB00610F5C /* AllTransferViewModel.swift in Sources */ = {isa = PBXBuildFile; fileRef = FF38E9FD29CE00BB00610F5C /* AllTransferViewModel.swift */; };
		FF45204529C079C3003C6415 /* KeychainManager.swift in Sources */ = {isa = PBXBuildFile; fileRef = FF45204429C079C3003C6415 /* KeychainManager.swift */; };
		FF45204829C07B1E003C6415 /* KeychainSwift in Frameworks */ = {isa = PBXBuildFile; productRef = FF45204729C07B1E003C6415 /* KeychainSwift */; };
		FF45204A29C09705003C6415 /* CustomTabView.swift in Sources */ = {isa = PBXBuildFile; fileRef = FF45204929C09705003C6415 /* CustomTabView.swift */; };
		FF45204C29C0FB3D003C6415 /* MainView.swift in Sources */ = {isa = PBXBuildFile; fileRef = FF45204B29C0FB3D003C6415 /* MainView.swift */; };
		FF45204E29C0FB95003C6415 /* ViewRouter.swift in Sources */ = {isa = PBXBuildFile; fileRef = FF45204D29C0FB95003C6415 /* ViewRouter.swift */; };
		FF45205029C33B01003C6415 /* ViewPaths.swift in Sources */ = {isa = PBXBuildFile; fileRef = FF45204F29C33B01003C6415 /* ViewPaths.swift */; };
		FF45205329C33D9B003C6415 /* HomeView.swift in Sources */ = {isa = PBXBuildFile; fileRef = FF45205229C33D9B003C6415 /* HomeView.swift */; };
		FF45205529C33DD7003C6415 /* AllTransactions.swift in Sources */ = {isa = PBXBuildFile; fileRef = FF45205429C33DD7003C6415 /* AllTransactions.swift */; };
		FF45205729C66453003C6415 /* CardModel.swift in Sources */ = {isa = PBXBuildFile; fileRef = FF45205629C66453003C6415 /* CardModel.swift */; };
		FF45205929C66712003C6415 /* HomeMenu.swift in Sources */ = {isa = PBXBuildFile; fileRef = FF45205829C66712003C6415 /* HomeMenu.swift */; };
		FF45205B29C66794003C6415 /* HomeMenuItem.swift in Sources */ = {isa = PBXBuildFile; fileRef = FF45205A29C66794003C6415 /* HomeMenuItem.swift */; };
		FF45205D29C66A88003C6415 /* MoneyTransfer.swift in Sources */ = {isa = PBXBuildFile; fileRef = FF45205C29C66A88003C6415 /* MoneyTransfer.swift */; };
		FF45205F29C66A96003C6415 /* Exchange.swift in Sources */ = {isa = PBXBuildFile; fileRef = FF45205E29C66A96003C6415 /* Exchange.swift */; };
		FF45206329C66AB5003C6415 /* MoreTransfers.swift in Sources */ = {isa = PBXBuildFile; fileRef = FF45206229C66AB5003C6415 /* MoreTransfers.swift */; };
		FF45206529C66DAD003C6415 /* Notifications.swift in Sources */ = {isa = PBXBuildFile; fileRef = FF45206429C66DAD003C6415 /* Notifications.swift */; };
		FF45206729C72D40003C6415 /* UserCard.swift in Sources */ = {isa = PBXBuildFile; fileRef = FF45206629C72D40003C6415 /* UserCard.swift */; };
		FF45206929C7336C003C6415 /* CardHexDesign.swift in Sources */ = {isa = PBXBuildFile; fileRef = FF45206829C7336C003C6415 /* CardHexDesign.swift */; };
		FF45206D29C733B7003C6415 /* HomeViewModel.swift in Sources */ = {isa = PBXBuildFile; fileRef = FF45206C29C733B7003C6415 /* HomeViewModel.swift */; };
		FF45206F29C73A1D003C6415 /* RecentTransactions.swift in Sources */ = {isa = PBXBuildFile; fileRef = FF45206E29C73A1D003C6415 /* RecentTransactions.swift */; };
		FF45207129C73AE7003C6415 /* TransactionPreview.swift in Sources */ = {isa = PBXBuildFile; fileRef = FF45207029C73AE7003C6415 /* TransactionPreview.swift */; };
		FF45207329C7A565003C6415 /* TransferViewModel.swift in Sources */ = {isa = PBXBuildFile; fileRef = FF45207229C7A565003C6415 /* TransferViewModel.swift */; };
		FF45207E29C7B57A003C6415 /* CardTextField.swift in Sources */ = {isa = PBXBuildFile; fileRef = FF45207D29C7B57A003C6415 /* CardTextField.swift */; };
		FF45208029C7B890003C6415 /* CardValidationTF.swift in Sources */ = {isa = PBXBuildFile; fileRef = FF45207F29C7B890003C6415 /* CardValidationTF.swift */; };
		FF45208229C7B8CF003C6415 /* CreditCardType.swift in Sources */ = {isa = PBXBuildFile; fileRef = FF45208129C7B8CF003C6415 /* CreditCardType.swift */; };
		FF45208529C8F087003C6415 /* RecentTransfer.swift in Sources */ = {isa = PBXBuildFile; fileRef = FF45208429C8F087003C6415 /* RecentTransfer.swift */; };
		FF45208729C8F0EB003C6415 /* TransferSerive.swift in Sources */ = {isa = PBXBuildFile; fileRef = FF45208629C8F0EB003C6415 /* TransferSerive.swift */; };
		FF45208929C92315003C6415 /* RecentTransferUsersList.swift in Sources */ = {isa = PBXBuildFile; fileRef = FF45208829C92315003C6415 /* RecentTransferUsersList.swift */; };
		FF45208C29CA1C32003C6415 /* TransferDetailView.swift in Sources */ = {isa = PBXBuildFile; fileRef = FF45208B29CA1C32003C6415 /* TransferDetailView.swift */; };
		FF45208E29CA53E9003C6415 /* CustomAlert.swift in Sources */ = {isa = PBXBuildFile; fileRef = FF45208D29CA53E9003C6415 /* CustomAlert.swift */; };
		FF45209029CA5C93003C6415 /* TransferConfirmationCell.swift in Sources */ = {isa = PBXBuildFile; fileRef = FF45208F29CA5C93003C6415 /* TransferConfirmationCell.swift */; };
		FF45209229CB247B003C6415 /* TransferSuccess.swift in Sources */ = {isa = PBXBuildFile; fileRef = FF45209129CB247B003C6415 /* TransferSuccess.swift */; };
		FF628DFE29BA2CD000FE35EE /* BankingApp.swift in Sources */ = {isa = PBXBuildFile; fileRef = FF628DFD29BA2CD000FE35EE /* BankingApp.swift */; };
		FF628E0029BA2CD000FE35EE /* ContentView.swift in Sources */ = {isa = PBXBuildFile; fileRef = FF628DFF29BA2CD000FE35EE /* ContentView.swift */; };
		FF628E0229BA2CD200FE35EE /* Assets.xcassets in Resources */ = {isa = PBXBuildFile; fileRef = FF628E0129BA2CD200FE35EE /* Assets.xcassets */; };
		FF628E0529BA2CD200FE35EE /* Preview Assets.xcassets in Resources */ = {isa = PBXBuildFile; fileRef = FF628E0429BA2CD200FE35EE /* Preview Assets.xcassets */; };
		FF628E0F29BA2CD200FE35EE /* BankingTests.swift in Sources */ = {isa = PBXBuildFile; fileRef = FF628E0E29BA2CD200FE35EE /* BankingTests.swift */; };
		FF628E1929BA2CD200FE35EE /* BankingUITests.swift in Sources */ = {isa = PBXBuildFile; fileRef = FF628E1829BA2CD200FE35EE /* BankingUITests.swift */; };
		FF628E1B29BA2CD200FE35EE /* BankingUITestsLaunchTests.swift in Sources */ = {isa = PBXBuildFile; fileRef = FF628E1A29BA2CD200FE35EE /* BankingUITestsLaunchTests.swift */; };
		FF628E2929BA2D7600FE35EE /* .gitignore in Resources */ = {isa = PBXBuildFile; fileRef = FF628E2829BA2D7600FE35EE /* .gitignore */; };
		FF7A11CC29D709F900286366 /* GlobalResponse.swift in Sources */ = {isa = PBXBuildFile; fileRef = FF7A11CB29D709F900286366 /* GlobalResponse.swift */; };
		FF7A11CE29D70C7F00286366 /* RequestTransferSuccess.swift in Sources */ = {isa = PBXBuildFile; fileRef = FF7A11CD29D70C7F00286366 /* RequestTransferSuccess.swift */; };
		FF7A11D129D752A000286366 /* Account.swift in Sources */ = {isa = PBXBuildFile; fileRef = FF7A11D029D752A000286366 /* Account.swift */; };
		FF7A11D329D752C500286366 /* ViewInDevelopmentMode.swift in Sources */ = {isa = PBXBuildFile; fileRef = FF7A11D229D752C500286366 /* ViewInDevelopmentMode.swift */; };
		FF7A11D529D777EB00286366 /* AccountListButton.swift in Sources */ = {isa = PBXBuildFile; fileRef = FF7A11D429D777EB00286366 /* AccountListButton.swift */; };
		FF7A11D729D77F4C00286366 /* UserInfo.swift in Sources */ = {isa = PBXBuildFile; fileRef = FF7A11D629D77F4C00286366 /* UserInfo.swift */; };
		FF7A11DB29D77FCF00286366 /* AccountViewModel.swift in Sources */ = {isa = PBXBuildFile; fileRef = FF7A11DA29D77FCF00286366 /* AccountViewModel.swift */; };
		FF7A11DD29D77FFF00286366 /* AccountViewPersonalInfo.swift in Sources */ = {isa = PBXBuildFile; fileRef = FF7A11DC29D77FFF00286366 /* AccountViewPersonalInfo.swift */; };
		FF7A11DF29D7876600286366 /* Gallery.swift in Sources */ = {isa = PBXBuildFile; fileRef = FF7A11DE29D7876600286366 /* Gallery.swift */; };
		FF7A11E129DAF64200286366 /* GeneralSettings.swift in Sources */ = {isa = PBXBuildFile; fileRef = FF7A11E029DAF64200286366 /* GeneralSettings.swift */; };
		FF7A11E329DAF69400286366 /* GeneralSettingsCell.swift in Sources */ = {isa = PBXBuildFile; fileRef = FF7A11E229DAF69400286366 /* GeneralSettingsCell.swift */; };
		FF80568E29BDF4CE0081AD76 /* AuthenticateWithPin.swift in Sources */ = {isa = PBXBuildFile; fileRef = FF80568D29BDF4CE0081AD76 /* AuthenticateWithPin.swift */; };
		FF80569229BDF6730081AD76 /* UserService.swift in Sources */ = {isa = PBXBuildFile; fileRef = FF80569129BDF6730081AD76 /* UserService.swift */; };
		FF80569429BDF7230081AD76 /* Authentication.swift in Sources */ = {isa = PBXBuildFile; fileRef = FF80569329BDF7230081AD76 /* Authentication.swift */; };
		FF80569629BDFA510081AD76 /* ConfirmPin.swift in Sources */ = {isa = PBXBuildFile; fileRef = FF80569529BDFA510081AD76 /* ConfirmPin.swift */; };
		FF821BCC29D5C0CB00F3BA0C /* RequestTransfer.swift in Sources */ = {isa = PBXBuildFile; fileRef = FF821BCB29D5C0CB00F3BA0C /* RequestTransfer.swift */; };
		FF821BCE29D5C10500F3BA0C /* RequestTransferViewModel.swift in Sources */ = {isa = PBXBuildFile; fileRef = FF821BCD29D5C10500F3BA0C /* RequestTransferViewModel.swift */; };
		FF821BD029D5C47300F3BA0C /* SelectCardButton.swift in Sources */ = {isa = PBXBuildFile; fileRef = FF821BCF29D5C47300F3BA0C /* SelectCardButton.swift */; };
		FF821BD229D5C7F400F3BA0C /* SelectCardList.swift in Sources */ = {isa = PBXBuildFile; fileRef = FF821BD129D5C7F400F3BA0C /* SelectCardList.swift */; };
		FF821BD429D5D89E00F3BA0C /* RequestTypeList.swift in Sources */ = {isa = PBXBuildFile; fileRef = FF821BD329D5D89E00F3BA0C /* RequestTypeList.swift */; };
		FFAC1DE729D1C33E00947CBC /* CongratulationAlert.swift in Sources */ = {isa = PBXBuildFile; fileRef = FFAC1DE629D1C33E00947CBC /* CongratulationAlert.swift */; };
		FFAC1DEA29D1C79500947CBC /* Cards.swift in Sources */ = {isa = PBXBuildFile; fileRef = FFAC1DE929D1C79500947CBC /* Cards.swift */; };
		FFAC1DEC29D1C7A400947CBC /* CardsViewModel.swift in Sources */ = {isa = PBXBuildFile; fileRef = FFAC1DEB29D1C7A400947CBC /* CardsViewModel.swift */; };
		FFAC1DEE29D1DA7D00947CBC /* AddNewCard.swift in Sources */ = {isa = PBXBuildFile; fileRef = FFAC1DED29D1DA7D00947CBC /* AddNewCard.swift */; };
		FFAC1DF029D1DA8A00947CBC /* CardsList.swift in Sources */ = {isa = PBXBuildFile; fileRef = FFAC1DEF29D1DA8A00947CBC /* CardsList.swift */; };
		FFAC1DF229D1DB5D00947CBC /* CardService.swift in Sources */ = {isa = PBXBuildFile; fileRef = FFAC1DF129D1DB5D00947CBC /* CardService.swift */; };
		FFAC1DF429D2205500947CBC /* CardDetailTextFieldDecorator.swift in Sources */ = {isa = PBXBuildFile; fileRef = FFAC1DF329D2205500947CBC /* CardDetailTextFieldDecorator.swift */; };
		FFAC1DF629D23FAD00947CBC /* CardStyling.swift in Sources */ = {isa = PBXBuildFile; fileRef = FFAC1DF529D23FAD00947CBC /* CardStyling.swift */; };
		FFAC1DF829D253FE00947CBC /* RequestToAddNewCard.swift in Sources */ = {isa = PBXBuildFile; fileRef = FFAC1DF729D253FE00947CBC /* RequestToAddNewCard.swift */; };
		FFAC1DFA29D2587C00947CBC /* CardStylingSelector.swift in Sources */ = {isa = PBXBuildFile; fileRef = FFAC1DF929D2587C00947CBC /* CardStylingSelector.swift */; };
		FFC2BCEE29BB59EC00E774FD /* ButtonHelper.swift in Sources */ = {isa = PBXBuildFile; fileRef = FFC2BCED29BB59EC00E774FD /* ButtonHelper.swift */; };
		FFC2BCF029BB5B7200E774FD /* Localizable.strings in Resources */ = {isa = PBXBuildFile; fileRef = FFC2BCEF29BB5B7200E774FD /* Localizable.strings */; };
		FFC2BCF629BB612100E774FD /* Roboto-Regular.ttf in Resources */ = {isa = PBXBuildFile; fileRef = FFC2BCF229BB612100E774FD /* Roboto-Regular.ttf */; };
		FFC2BCF729BB612100E774FD /* Roboto-Light.ttf in Resources */ = {isa = PBXBuildFile; fileRef = FFC2BCF329BB612100E774FD /* Roboto-Light.ttf */; };
		FFC2BCF829BB612100E774FD /* Roboto-Black.ttf in Resources */ = {isa = PBXBuildFile; fileRef = FFC2BCF429BB612100E774FD /* Roboto-Black.ttf */; };
		FFC2BCF929BB612100E774FD /* Roboto-Bold.ttf in Resources */ = {isa = PBXBuildFile; fileRef = FFC2BCF529BB612100E774FD /* Roboto-Bold.ttf */; };
		FFC2BCFB29BB628D00E774FD /* TextHelper.swift in Sources */ = {isa = PBXBuildFile; fileRef = FFC2BCFA29BB628D00E774FD /* TextHelper.swift */; };
		FFC2BCFD29BB6E2800E774FD /* Loading.swift in Sources */ = {isa = PBXBuildFile; fileRef = FFC2BCFC29BB6E2800E774FD /* Loading.swift */; };
		FFC2BCFF29BB6E7100E774FD /* CountryCodeSelection.swift in Sources */ = {isa = PBXBuildFile; fileRef = FFC2BCFE29BB6E7100E774FD /* CountryCodeSelection.swift */; };
		FFC2BD0129BB6F0600E774FD /* Extensions.swift in Sources */ = {isa = PBXBuildFile; fileRef = FFC2BD0029BB6F0600E774FD /* Extensions.swift */; };
		FFC2BD0329BB72E300E774FD /* Roboto-Medium.ttf in Resources */ = {isa = PBXBuildFile; fileRef = FFC2BD0229BB72E300E774FD /* Roboto-Medium.ttf */; };
		FFC2BD0529BB751600E774FD /* VerifyPhoneNumber.swift in Sources */ = {isa = PBXBuildFile; fileRef = FFC2BD0429BB751600E774FD /* VerifyPhoneNumber.swift */; };
		FFC2BD0729BB822100E774FD /* OTPTextFieldView.swift in Sources */ = {isa = PBXBuildFile; fileRef = FFC2BD0629BB822100E774FD /* OTPTextFieldView.swift */; };
		FFC2BD0929BBC7E100E774FD /* CreatePin.swift in Sources */ = {isa = PBXBuildFile; fileRef = FFC2BD0829BBC7E100E774FD /* CreatePin.swift */; };
		FFC2BD0B29BBC7F000E774FD /* EnableBiometricAuthentication.swift in Sources */ = {isa = PBXBuildFile; fileRef = FFC2BD0A29BBC7F000E774FD /* EnableBiometricAuthentication.swift */; };
/* End PBXBuildFile section */

/* Begin PBXContainerItemProxy section */
		FF628E0B29BA2CD200FE35EE /* PBXContainerItemProxy */ = {
			isa = PBXContainerItemProxy;
			containerPortal = FF628DF229BA2CD000FE35EE /* Project object */;
			proxyType = 1;
			remoteGlobalIDString = FF628DF929BA2CD000FE35EE;
			remoteInfo = Banking;
		};
		FF628E1529BA2CD200FE35EE /* PBXContainerItemProxy */ = {
			isa = PBXContainerItemProxy;
			containerPortal = FF628DF229BA2CD000FE35EE /* Project object */;
			proxyType = 1;
			remoteGlobalIDString = FF628DF929BA2CD000FE35EE;
			remoteInfo = Banking;
		};
/* End PBXContainerItemProxy section */

/* Begin PBXFileReference section */
		FF0D89DC29D0EC110062BC52 /* Launch Screen.storyboard */ = {isa = PBXFileReference; lastKnownFileType = file.storyboard; path = "Launch Screen.storyboard"; sourceTree = "<group>"; };
		FF18C24A29BA8042004EF3A3 /* AppDelegate.swift */ = {isa = PBXFileReference; lastKnownFileType = sourcecode.swift; path = AppDelegate.swift; sourceTree = "<group>"; };
		FF18C24C29BA84D6004EF3A3 /* GoogleService-Info.plist */ = {isa = PBXFileReference; fileEncoding = 4; lastKnownFileType = text.plist.xml; path = "GoogleService-Info.plist"; sourceTree = "<group>"; };
		FF18C25529BA8E70004EF3A3 /* Introduction.swift */ = {isa = PBXFileReference; lastKnownFileType = sourcecode.swift; path = Introduction.swift; sourceTree = "<group>"; };
		FF18C25729BB259D004EF3A3 /* AuthViewModel.swift */ = {isa = PBXFileReference; lastKnownFileType = sourcecode.swift; path = AuthViewModel.swift; sourceTree = "<group>"; };
		FF18C25929BB25A6004EF3A3 /* AlertViewModel.swift */ = {isa = PBXFileReference; lastKnownFileType = sourcecode.swift; path = AlertViewModel.swift; sourceTree = "<group>"; };
		FF18C25B29BB25AF004EF3A3 /* AuthService.swift */ = {isa = PBXFileReference; lastKnownFileType = sourcecode.swift; path = AuthService.swift; sourceTree = "<group>"; };
		FF18C25D29BB2677004EF3A3 /* APIHelper.swift */ = {isa = PBXFileReference; lastKnownFileType = sourcecode.swift; path = APIHelper.swift; sourceTree = "<group>"; };
		FF18C25F29BB28F3004EF3A3 /* Info.plist */ = {isa = PBXFileReference; lastKnownFileType = text.plist; path = Info.plist; sourceTree = "<group>"; };
		FF18C26029BB29DA004EF3A3 /* PhoneAuthentication.swift */ = {isa = PBXFileReference; lastKnownFileType = sourcecode.swift; path = PhoneAuthentication.swift; sourceTree = "<group>"; };
		FF18C26229BB2D0B004EF3A3 /* Enums.swift */ = {isa = PBXFileReference; lastKnownFileType = sourcecode.swift; path = Enums.swift; sourceTree = "<group>"; };
		FF18C26429BB2D6F004EF3A3 /* IntroductionModel.swift */ = {isa = PBXFileReference; lastKnownFileType = sourcecode.swift; path = IntroductionModel.swift; sourceTree = "<group>"; };
		FF18C26629BB3159004EF3A3 /* IntroductionPage.swift */ = {isa = PBXFileReference; lastKnownFileType = sourcecode.swift; path = IntroductionPage.swift; sourceTree = "<group>"; };
		FF18C26829BB3199004EF3A3 /* Credentials.swift */ = {isa = PBXFileReference; lastKnownFileType = sourcecode.swift; path = Credentials.swift; sourceTree = "<group>"; };
		FF18C26A29BB31C2004EF3A3 /* PreviewModels.swift */ = {isa = PBXFileReference; lastKnownFileType = sourcecode.swift; path = PreviewModels.swift; sourceTree = "<group>"; };
		FF18C26C29BB3226004EF3A3 /* AppColors.swift */ = {isa = PBXFileReference; lastKnownFileType = sourcecode.swift; path = AppColors.swift; sourceTree = "<group>"; };
		FF18C26F29BB34BB004EF3A3 /* ImageHelper.swift */ = {isa = PBXFileReference; lastKnownFileType = sourcecode.swift; path = ImageHelper.swift; sourceTree = "<group>"; };
		FF38E9EF29CB75A100610F5C /* Activity.swift */ = {isa = PBXFileReference; lastKnownFileType = sourcecode.swift; path = Activity.swift; sourceTree = "<group>"; };
		FF38E9F129CB75D500610F5C /* ActivityGraph.swift */ = {isa = PBXFileReference; lastKnownFileType = sourcecode.swift; path = ActivityGraph.swift; sourceTree = "<group>"; };
		FF38E9F329CB75E300610F5C /* ActivityViewModel.swift */ = {isa = PBXFileReference; lastKnownFileType = sourcecode.swift; path = ActivityViewModel.swift; sourceTree = "<group>"; };
		FF38E9F529CCC17400610F5C /* ExpensePoint.swift */ = {isa = PBXFileReference; lastKnownFileType = sourcecode.swift; path = ExpensePoint.swift; sourceTree = "<group>"; };
		FF38E9F729CCC48500610F5C /* ActivityModel.swift */ = {isa = PBXFileReference; lastKnownFileType = sourcecode.swift; path = ActivityModel.swift; sourceTree = "<group>"; };
		FF38E9F929CDDA8000610F5C /* ActivityCard.swift */ = {isa = PBXFileReference; lastKnownFileType = sourcecode.swift; path = ActivityCard.swift; sourceTree = "<group>"; };
		FF38E9FB29CDDF2F00610F5C /* ActivityService.swift */ = {isa = PBXFileReference; lastKnownFileType = sourcecode.swift; path = ActivityService.swift; sourceTree = "<group>"; };
		FF38E9FD29CE00BB00610F5C /* AllTransferViewModel.swift */ = {isa = PBXFileReference; lastKnownFileType = sourcecode.swift; path = AllTransferViewModel.swift; sourceTree = "<group>"; };
		FF45204429C079C3003C6415 /* KeychainManager.swift */ = {isa = PBXFileReference; lastKnownFileType = sourcecode.swift; path = KeychainManager.swift; sourceTree = "<group>"; };
		FF45204929C09705003C6415 /* CustomTabView.swift */ = {isa = PBXFileReference; lastKnownFileType = sourcecode.swift; path = CustomTabView.swift; sourceTree = "<group>"; };
		FF45204B29C0FB3D003C6415 /* MainView.swift */ = {isa = PBXFileReference; lastKnownFileType = sourcecode.swift; path = MainView.swift; sourceTree = "<group>"; };
		FF45204D29C0FB95003C6415 /* ViewRouter.swift */ = {isa = PBXFileReference; lastKnownFileType = sourcecode.swift; path = ViewRouter.swift; sourceTree = "<group>"; };
		FF45204F29C33B01003C6415 /* ViewPaths.swift */ = {isa = PBXFileReference; lastKnownFileType = sourcecode.swift; path = ViewPaths.swift; sourceTree = "<group>"; };
		FF45205229C33D9B003C6415 /* HomeView.swift */ = {isa = PBXFileReference; lastKnownFileType = sourcecode.swift; path = HomeView.swift; sourceTree = "<group>"; };
		FF45205429C33DD7003C6415 /* AllTransactions.swift */ = {isa = PBXFileReference; lastKnownFileType = sourcecode.swift; path = AllTransactions.swift; sourceTree = "<group>"; };
		FF45205629C66453003C6415 /* CardModel.swift */ = {isa = PBXFileReference; lastKnownFileType = sourcecode.swift; path = CardModel.swift; sourceTree = "<group>"; };
		FF45205829C66712003C6415 /* HomeMenu.swift */ = {isa = PBXFileReference; lastKnownFileType = sourcecode.swift; path = HomeMenu.swift; sourceTree = "<group>"; };
		FF45205A29C66794003C6415 /* HomeMenuItem.swift */ = {isa = PBXFileReference; lastKnownFileType = sourcecode.swift; path = HomeMenuItem.swift; sourceTree = "<group>"; };
		FF45205C29C66A88003C6415 /* MoneyTransfer.swift */ = {isa = PBXFileReference; lastKnownFileType = sourcecode.swift; path = MoneyTransfer.swift; sourceTree = "<group>"; };
		FF45205E29C66A96003C6415 /* Exchange.swift */ = {isa = PBXFileReference; lastKnownFileType = sourcecode.swift; path = Exchange.swift; sourceTree = "<group>"; };
		FF45206229C66AB5003C6415 /* MoreTransfers.swift */ = {isa = PBXFileReference; lastKnownFileType = sourcecode.swift; path = MoreTransfers.swift; sourceTree = "<group>"; };
		FF45206429C66DAD003C6415 /* Notifications.swift */ = {isa = PBXFileReference; lastKnownFileType = sourcecode.swift; path = Notifications.swift; sourceTree = "<group>"; };
		FF45206629C72D40003C6415 /* UserCard.swift */ = {isa = PBXFileReference; lastKnownFileType = sourcecode.swift; path = UserCard.swift; sourceTree = "<group>"; };
		FF45206829C7336C003C6415 /* CardHexDesign.swift */ = {isa = PBXFileReference; lastKnownFileType = sourcecode.swift; path = CardHexDesign.swift; sourceTree = "<group>"; };
		FF45206C29C733B7003C6415 /* HomeViewModel.swift */ = {isa = PBXFileReference; lastKnownFileType = sourcecode.swift; path = HomeViewModel.swift; sourceTree = "<group>"; };
		FF45206E29C73A1D003C6415 /* RecentTransactions.swift */ = {isa = PBXFileReference; lastKnownFileType = sourcecode.swift; path = RecentTransactions.swift; sourceTree = "<group>"; };
		FF45207029C73AE7003C6415 /* TransactionPreview.swift */ = {isa = PBXFileReference; lastKnownFileType = sourcecode.swift; path = TransactionPreview.swift; sourceTree = "<group>"; };
		FF45207229C7A565003C6415 /* TransferViewModel.swift */ = {isa = PBXFileReference; lastKnownFileType = sourcecode.swift; path = TransferViewModel.swift; sourceTree = "<group>"; };
		FF45207D29C7B57A003C6415 /* CardTextField.swift */ = {isa = PBXFileReference; lastKnownFileType = sourcecode.swift; path = CardTextField.swift; sourceTree = "<group>"; };
		FF45207F29C7B890003C6415 /* CardValidationTF.swift */ = {isa = PBXFileReference; lastKnownFileType = sourcecode.swift; path = CardValidationTF.swift; sourceTree = "<group>"; };
		FF45208129C7B8CF003C6415 /* CreditCardType.swift */ = {isa = PBXFileReference; lastKnownFileType = sourcecode.swift; path = CreditCardType.swift; sourceTree = "<group>"; };
		FF45208429C8F087003C6415 /* RecentTransfer.swift */ = {isa = PBXFileReference; lastKnownFileType = sourcecode.swift; path = RecentTransfer.swift; sourceTree = "<group>"; };
		FF45208629C8F0EB003C6415 /* TransferSerive.swift */ = {isa = PBXFileReference; lastKnownFileType = sourcecode.swift; path = TransferSerive.swift; sourceTree = "<group>"; };
		FF45208829C92315003C6415 /* RecentTransferUsersList.swift */ = {isa = PBXFileReference; lastKnownFileType = sourcecode.swift; path = RecentTransferUsersList.swift; sourceTree = "<group>"; };
		FF45208B29CA1C32003C6415 /* TransferDetailView.swift */ = {isa = PBXFileReference; lastKnownFileType = sourcecode.swift; path = TransferDetailView.swift; sourceTree = "<group>"; };
		FF45208D29CA53E9003C6415 /* CustomAlert.swift */ = {isa = PBXFileReference; lastKnownFileType = sourcecode.swift; path = CustomAlert.swift; sourceTree = "<group>"; };
		FF45208F29CA5C93003C6415 /* TransferConfirmationCell.swift */ = {isa = PBXFileReference; lastKnownFileType = sourcecode.swift; path = TransferConfirmationCell.swift; sourceTree = "<group>"; };
		FF45209129CB247B003C6415 /* TransferSuccess.swift */ = {isa = PBXFileReference; lastKnownFileType = sourcecode.swift; path = TransferSuccess.swift; sourceTree = "<group>"; };
		FF628DFA29BA2CD000FE35EE /* Banking.app */ = {isa = PBXFileReference; explicitFileType = wrapper.application; includeInIndex = 0; path = Banking.app; sourceTree = BUILT_PRODUCTS_DIR; };
		FF628DFD29BA2CD000FE35EE /* BankingApp.swift */ = {isa = PBXFileReference; lastKnownFileType = sourcecode.swift; path = BankingApp.swift; sourceTree = "<group>"; };
		FF628DFF29BA2CD000FE35EE /* ContentView.swift */ = {isa = PBXFileReference; lastKnownFileType = sourcecode.swift; path = ContentView.swift; sourceTree = "<group>"; };
		FF628E0129BA2CD200FE35EE /* Assets.xcassets */ = {isa = PBXFileReference; lastKnownFileType = folder.assetcatalog; path = Assets.xcassets; sourceTree = "<group>"; };
		FF628E0429BA2CD200FE35EE /* Preview Assets.xcassets */ = {isa = PBXFileReference; lastKnownFileType = folder.assetcatalog; path = "Preview Assets.xcassets"; sourceTree = "<group>"; };
		FF628E0A29BA2CD200FE35EE /* BankingTests.xctest */ = {isa = PBXFileReference; explicitFileType = wrapper.cfbundle; includeInIndex = 0; path = BankingTests.xctest; sourceTree = BUILT_PRODUCTS_DIR; };
		FF628E0E29BA2CD200FE35EE /* BankingTests.swift */ = {isa = PBXFileReference; lastKnownFileType = sourcecode.swift; path = BankingTests.swift; sourceTree = "<group>"; };
		FF628E1429BA2CD200FE35EE /* BankingUITests.xctest */ = {isa = PBXFileReference; explicitFileType = wrapper.cfbundle; includeInIndex = 0; path = BankingUITests.xctest; sourceTree = BUILT_PRODUCTS_DIR; };
		FF628E1829BA2CD200FE35EE /* BankingUITests.swift */ = {isa = PBXFileReference; lastKnownFileType = sourcecode.swift; path = BankingUITests.swift; sourceTree = "<group>"; };
		FF628E1A29BA2CD200FE35EE /* BankingUITestsLaunchTests.swift */ = {isa = PBXFileReference; lastKnownFileType = sourcecode.swift; path = BankingUITestsLaunchTests.swift; sourceTree = "<group>"; };
		FF628E2829BA2D7600FE35EE /* .gitignore */ = {isa = PBXFileReference; lastKnownFileType = text; path = .gitignore; sourceTree = "<group>"; };
		FF7A11CB29D709F900286366 /* GlobalResponse.swift */ = {isa = PBXFileReference; lastKnownFileType = sourcecode.swift; path = GlobalResponse.swift; sourceTree = "<group>"; };
		FF7A11CD29D70C7F00286366 /* RequestTransferSuccess.swift */ = {isa = PBXFileReference; lastKnownFileType = sourcecode.swift; path = RequestTransferSuccess.swift; sourceTree = "<group>"; };
		FF7A11D029D752A000286366 /* Account.swift */ = {isa = PBXFileReference; lastKnownFileType = sourcecode.swift; path = Account.swift; sourceTree = "<group>"; };
		FF7A11D229D752C500286366 /* ViewInDevelopmentMode.swift */ = {isa = PBXFileReference; lastKnownFileType = sourcecode.swift; path = ViewInDevelopmentMode.swift; sourceTree = "<group>"; };
		FF7A11D429D777EB00286366 /* AccountListButton.swift */ = {isa = PBXFileReference; lastKnownFileType = sourcecode.swift; path = AccountListButton.swift; sourceTree = "<group>"; };
		FF7A11D629D77F4C00286366 /* UserInfo.swift */ = {isa = PBXFileReference; lastKnownFileType = sourcecode.swift; path = UserInfo.swift; sourceTree = "<group>"; };
		FF7A11DA29D77FCF00286366 /* AccountViewModel.swift */ = {isa = PBXFileReference; lastKnownFileType = sourcecode.swift; path = AccountViewModel.swift; sourceTree = "<group>"; };
		FF7A11DC29D77FFF00286366 /* AccountViewPersonalInfo.swift */ = {isa = PBXFileReference; lastKnownFileType = sourcecode.swift; path = AccountViewPersonalInfo.swift; sourceTree = "<group>"; };
		FF7A11DE29D7876600286366 /* Gallery.swift */ = {isa = PBXFileReference; lastKnownFileType = sourcecode.swift; path = Gallery.swift; sourceTree = "<group>"; };
		FF7A11E029DAF64200286366 /* GeneralSettings.swift */ = {isa = PBXFileReference; lastKnownFileType = sourcecode.swift; path = GeneralSettings.swift; sourceTree = "<group>"; };
		FF7A11E229DAF69400286366 /* GeneralSettingsCell.swift */ = {isa = PBXFileReference; lastKnownFileType = sourcecode.swift; path = GeneralSettingsCell.swift; sourceTree = "<group>"; };
		FF80568D29BDF4CE0081AD76 /* AuthenticateWithPin.swift */ = {isa = PBXFileReference; lastKnownFileType = sourcecode.swift; path = AuthenticateWithPin.swift; sourceTree = "<group>"; };
		FF80569129BDF6730081AD76 /* UserService.swift */ = {isa = PBXFileReference; lastKnownFileType = sourcecode.swift; path = UserService.swift; sourceTree = "<group>"; };
		FF80569329BDF7230081AD76 /* Authentication.swift */ = {isa = PBXFileReference; lastKnownFileType = sourcecode.swift; path = Authentication.swift; sourceTree = "<group>"; };
		FF80569529BDFA510081AD76 /* ConfirmPin.swift */ = {isa = PBXFileReference; lastKnownFileType = sourcecode.swift; path = ConfirmPin.swift; sourceTree = "<group>"; };
		FF821BCB29D5C0CB00F3BA0C /* RequestTransfer.swift */ = {isa = PBXFileReference; lastKnownFileType = sourcecode.swift; path = RequestTransfer.swift; sourceTree = "<group>"; };
		FF821BCD29D5C10500F3BA0C /* RequestTransferViewModel.swift */ = {isa = PBXFileReference; lastKnownFileType = sourcecode.swift; path = RequestTransferViewModel.swift; sourceTree = "<group>"; };
		FF821BCF29D5C47300F3BA0C /* SelectCardButton.swift */ = {isa = PBXFileReference; lastKnownFileType = sourcecode.swift; path = SelectCardButton.swift; sourceTree = "<group>"; };
		FF821BD129D5C7F400F3BA0C /* SelectCardList.swift */ = {isa = PBXFileReference; lastKnownFileType = sourcecode.swift; path = SelectCardList.swift; sourceTree = "<group>"; };
		FF821BD329D5D89E00F3BA0C /* RequestTypeList.swift */ = {isa = PBXFileReference; lastKnownFileType = sourcecode.swift; path = RequestTypeList.swift; sourceTree = "<group>"; };
		FFAC1DE629D1C33E00947CBC /* CongratulationAlert.swift */ = {isa = PBXFileReference; lastKnownFileType = sourcecode.swift; path = CongratulationAlert.swift; sourceTree = "<group>"; };
		FFAC1DE929D1C79500947CBC /* Cards.swift */ = {isa = PBXFileReference; lastKnownFileType = sourcecode.swift; path = Cards.swift; sourceTree = "<group>"; };
		FFAC1DEB29D1C7A400947CBC /* CardsViewModel.swift */ = {isa = PBXFileReference; lastKnownFileType = sourcecode.swift; path = CardsViewModel.swift; sourceTree = "<group>"; };
		FFAC1DED29D1DA7D00947CBC /* AddNewCard.swift */ = {isa = PBXFileReference; lastKnownFileType = sourcecode.swift; path = AddNewCard.swift; sourceTree = "<group>"; };
		FFAC1DEF29D1DA8A00947CBC /* CardsList.swift */ = {isa = PBXFileReference; lastKnownFileType = sourcecode.swift; path = CardsList.swift; sourceTree = "<group>"; };
		FFAC1DF129D1DB5D00947CBC /* CardService.swift */ = {isa = PBXFileReference; lastKnownFileType = sourcecode.swift; path = CardService.swift; sourceTree = "<group>"; };
		FFAC1DF329D2205500947CBC /* CardDetailTextFieldDecorator.swift */ = {isa = PBXFileReference; lastKnownFileType = sourcecode.swift; path = CardDetailTextFieldDecorator.swift; sourceTree = "<group>"; };
		FFAC1DF529D23FAD00947CBC /* CardStyling.swift */ = {isa = PBXFileReference; lastKnownFileType = sourcecode.swift; path = CardStyling.swift; sourceTree = "<group>"; };
		FFAC1DF729D253FE00947CBC /* RequestToAddNewCard.swift */ = {isa = PBXFileReference; lastKnownFileType = sourcecode.swift; path = RequestToAddNewCard.swift; sourceTree = "<group>"; };
		FFAC1DF929D2587C00947CBC /* CardStylingSelector.swift */ = {isa = PBXFileReference; lastKnownFileType = sourcecode.swift; path = CardStylingSelector.swift; sourceTree = "<group>"; };
		FFC2BCED29BB59EC00E774FD /* ButtonHelper.swift */ = {isa = PBXFileReference; lastKnownFileType = sourcecode.swift; path = ButtonHelper.swift; sourceTree = "<group>"; };
		FFC2BCEF29BB5B7200E774FD /* Localizable.strings */ = {isa = PBXFileReference; lastKnownFileType = text.plist.strings; path = Localizable.strings; sourceTree = "<group>"; };
		FFC2BCF229BB612100E774FD /* Roboto-Regular.ttf */ = {isa = PBXFileReference; lastKnownFileType = file; path = "Roboto-Regular.ttf"; sourceTree = "<group>"; };
		FFC2BCF329BB612100E774FD /* Roboto-Light.ttf */ = {isa = PBXFileReference; lastKnownFileType = file; path = "Roboto-Light.ttf"; sourceTree = "<group>"; };
		FFC2BCF429BB612100E774FD /* Roboto-Black.ttf */ = {isa = PBXFileReference; lastKnownFileType = file; path = "Roboto-Black.ttf"; sourceTree = "<group>"; };
		FFC2BCF529BB612100E774FD /* Roboto-Bold.ttf */ = {isa = PBXFileReference; lastKnownFileType = file; path = "Roboto-Bold.ttf"; sourceTree = "<group>"; };
		FFC2BCFA29BB628D00E774FD /* TextHelper.swift */ = {isa = PBXFileReference; lastKnownFileType = sourcecode.swift; path = TextHelper.swift; sourceTree = "<group>"; };
		FFC2BCFC29BB6E2800E774FD /* Loading.swift */ = {isa = PBXFileReference; lastKnownFileType = sourcecode.swift; path = Loading.swift; sourceTree = "<group>"; };
		FFC2BCFE29BB6E7100E774FD /* CountryCodeSelection.swift */ = {isa = PBXFileReference; lastKnownFileType = sourcecode.swift; path = CountryCodeSelection.swift; sourceTree = "<group>"; };
		FFC2BD0029BB6F0600E774FD /* Extensions.swift */ = {isa = PBXFileReference; lastKnownFileType = sourcecode.swift; path = Extensions.swift; sourceTree = "<group>"; };
		FFC2BD0229BB72E300E774FD /* Roboto-Medium.ttf */ = {isa = PBXFileReference; lastKnownFileType = file; path = "Roboto-Medium.ttf"; sourceTree = "<group>"; };
		FFC2BD0429BB751600E774FD /* VerifyPhoneNumber.swift */ = {isa = PBXFileReference; lastKnownFileType = sourcecode.swift; path = VerifyPhoneNumber.swift; sourceTree = "<group>"; };
		FFC2BD0629BB822100E774FD /* OTPTextFieldView.swift */ = {isa = PBXFileReference; lastKnownFileType = sourcecode.swift; path = OTPTextFieldView.swift; sourceTree = "<group>"; };
		FFC2BD0829BBC7E100E774FD /* CreatePin.swift */ = {isa = PBXFileReference; lastKnownFileType = sourcecode.swift; path = CreatePin.swift; sourceTree = "<group>"; };
		FFC2BD0A29BBC7F000E774FD /* EnableBiometricAuthentication.swift */ = {isa = PBXFileReference; lastKnownFileType = sourcecode.swift; path = EnableBiometricAuthentication.swift; sourceTree = "<group>"; };
/* End PBXFileReference section */

/* Begin PBXFrameworksBuildPhase section */
		FF628DF729BA2CD000FE35EE /* Frameworks */ = {
			isa = PBXFrameworksBuildPhase;
			buildActionMask = 2147483647;
			files = (
				FF18C27329BB37C5004EF3A3 /* SDWebImageSwiftUI in Frameworks */,
				FF18C24129BA8010004EF3A3 /* FirebaseAnalytics in Frameworks */,
				FF18C24329BA8010004EF3A3 /* FirebaseAuth in Frameworks */,
				FF45204829C07B1E003C6415 /* KeychainSwift in Frameworks */,
				FF18C24529BA8010004EF3A3 /* FirebaseFirestore in Frameworks */,
				FF18C24929BA8010004EF3A3 /* FirebaseStorage in Frameworks */,
				FF18C24729BA8010004EF3A3 /* FirebaseFirestoreSwift in Frameworks */,
			);
			runOnlyForDeploymentPostprocessing = 0;
		};
		FF628E0729BA2CD200FE35EE /* Frameworks */ = {
			isa = PBXFrameworksBuildPhase;
			buildActionMask = 2147483647;
			files = (
			);
			runOnlyForDeploymentPostprocessing = 0;
		};
		FF628E1129BA2CD200FE35EE /* Frameworks */ = {
			isa = PBXFrameworksBuildPhase;
			buildActionMask = 2147483647;
			files = (
			);
			runOnlyForDeploymentPostprocessing = 0;
		};
/* End PBXFrameworksBuildPhase section */

/* Begin PBXGroup section */
		FF18C24E29BA8E1B004EF3A3 /* Utils */ = {
			isa = PBXGroup;
			children = (
				FF45204F29C33B01003C6415 /* ViewPaths.swift */,
				FF18C26229BB2D0B004EF3A3 /* Enums.swift */,
				FF18C26A29BB31C2004EF3A3 /* PreviewModels.swift */,
				FF18C26C29BB3226004EF3A3 /* AppColors.swift */,
				FF18C26F29BB34BB004EF3A3 /* ImageHelper.swift */,
				FFC2BCED29BB59EC00E774FD /* ButtonHelper.swift */,
				FFC2BCFA29BB628D00E774FD /* TextHelper.swift */,
				FFC2BCFC29BB6E2800E774FD /* Loading.swift */,
				FFC2BD0029BB6F0600E774FD /* Extensions.swift */,
				FF7A11DE29D7876600286366 /* Gallery.swift */,
			);
			path = Utils;
			sourceTree = "<group>";
		};
		FF18C24F29BA8E26004EF3A3 /* Views */ = {
			isa = PBXGroup;
			children = (
				FF7A11CF29D7529400286366 /* Account */,
				FFAC1DE829D1C78700947CBC /* MyCards */,
				FF38E9EE29CB759200610F5C /* Activity */,
				FF45208329C7BA35003C6415 /* Card */,
				FF45205129C33D89003C6415 /* Home */,
				FF18C25429BA8E5E004EF3A3 /* Authentication */,
				FF45204929C09705003C6415 /* CustomTabView.swift */,
				FF45204B29C0FB3D003C6415 /* MainView.swift */,
				FF45208D29CA53E9003C6415 /* CustomAlert.swift */,
				FFAC1DE629D1C33E00947CBC /* CongratulationAlert.swift */,
				FF7A11D229D752C500286366 /* ViewInDevelopmentMode.swift */,
			);
			path = Views;
			sourceTree = "<group>";
		};
		FF18C25029BA8E2D004EF3A3 /* ViewModels */ = {
			isa = PBXGroup;
			children = (
				FF18C25929BB25A6004EF3A3 /* AlertViewModel.swift */,
				FF18C25729BB259D004EF3A3 /* AuthViewModel.swift */,
				FF45204D29C0FB95003C6415 /* ViewRouter.swift */,
				FF45206C29C733B7003C6415 /* HomeViewModel.swift */,
				FF45207229C7A565003C6415 /* TransferViewModel.swift */,
				FF38E9F329CB75E300610F5C /* ActivityViewModel.swift */,
				FF38E9FD29CE00BB00610F5C /* AllTransferViewModel.swift */,
				FFAC1DEB29D1C7A400947CBC /* CardsViewModel.swift */,
				FF821BCD29D5C10500F3BA0C /* RequestTransferViewModel.swift */,
				FF7A11DA29D77FCF00286366 /* AccountViewModel.swift */,
			);
			path = ViewModels;
			sourceTree = "<group>";
		};
		FF18C25229BA8E43004EF3A3 /* Services */ = {
			isa = PBXGroup;
			children = (
				FF18C25D29BB2677004EF3A3 /* APIHelper.swift */,
				FF18C25B29BB25AF004EF3A3 /* AuthService.swift */,
				FF80569129BDF6730081AD76 /* UserService.swift */,
				FF45204429C079C3003C6415 /* KeychainManager.swift */,
				FF45208629C8F0EB003C6415 /* TransferSerive.swift */,
				FF38E9FB29CDDF2F00610F5C /* ActivityService.swift */,
				FFAC1DF129D1DB5D00947CBC /* CardService.swift */,
			);
			path = Services;
			sourceTree = "<group>";
		};
		FF18C25329BA8E4E004EF3A3 /* Models */ = {
			isa = PBXGroup;
			children = (
				FF18C26429BB2D6F004EF3A3 /* IntroductionModel.swift */,
				FF45205629C66453003C6415 /* CardModel.swift */,
				FF45207029C73AE7003C6415 /* TransactionPreview.swift */,
				FF45208429C8F087003C6415 /* RecentTransfer.swift */,
				FF38E9F529CCC17400610F5C /* ExpensePoint.swift */,
				FF38E9F729CCC48500610F5C /* ActivityModel.swift */,
				FF7A11CB29D709F900286366 /* GlobalResponse.swift */,
				FF7A11D629D77F4C00286366 /* UserInfo.swift */,
			);
			path = Models;
			sourceTree = "<group>";
		};
		FF18C25429BA8E5E004EF3A3 /* Authentication */ = {
			isa = PBXGroup;
			children = (
				FF18C25529BA8E70004EF3A3 /* Introduction.swift */,
				FF18C26629BB3159004EF3A3 /* IntroductionPage.swift */,
				FF18C26029BB29DA004EF3A3 /* PhoneAuthentication.swift */,
				FFC2BCFE29BB6E7100E774FD /* CountryCodeSelection.swift */,
				FFC2BD0429BB751600E774FD /* VerifyPhoneNumber.swift */,
				FFC2BD0629BB822100E774FD /* OTPTextFieldView.swift */,
				FF80569329BDF7230081AD76 /* Authentication.swift */,
				FFC2BD0829BBC7E100E774FD /* CreatePin.swift */,
				FF80569529BDFA510081AD76 /* ConfirmPin.swift */,
				FF80568D29BDF4CE0081AD76 /* AuthenticateWithPin.swift */,
				FFC2BD0A29BBC7F000E774FD /* EnableBiometricAuthentication.swift */,
			);
			path = Authentication;
			sourceTree = "<group>";
		};
		FF38E9EE29CB759200610F5C /* Activity */ = {
			isa = PBXGroup;
			children = (
				FF38E9EF29CB75A100610F5C /* Activity.swift */,
				FF38E9F129CB75D500610F5C /* ActivityGraph.swift */,
				FF38E9F929CDDA8000610F5C /* ActivityCard.swift */,
			);
			path = Activity;
			sourceTree = "<group>";
		};
		FF45205129C33D89003C6415 /* Home */ = {
			isa = PBXGroup;
			children = (
				FF821BCA29D5C0B800F3BA0C /* RequestTransfer */,
				FF45208A29CA1955003C6415 /* MoneyTransfer */,
				FF45205229C33D9B003C6415 /* HomeView.swift */,
				FF45205829C66712003C6415 /* HomeMenu.swift */,
				FF45205A29C66794003C6415 /* HomeMenuItem.swift */,
				FF45205E29C66A96003C6415 /* Exchange.swift */,
				FF45206229C66AB5003C6415 /* MoreTransfers.swift */,
				FF45206429C66DAD003C6415 /* Notifications.swift */,
				FF45206629C72D40003C6415 /* UserCard.swift */,
				FF45206829C7336C003C6415 /* CardHexDesign.swift */,
				FF45206E29C73A1D003C6415 /* RecentTransactions.swift */,
				FF45205429C33DD7003C6415 /* AllTransactions.swift */,
			);
			path = Home;
			sourceTree = "<group>";
		};
		FF45208329C7BA35003C6415 /* Card */ = {
			isa = PBXGroup;
			children = (
				FF45207D29C7B57A003C6415 /* CardTextField.swift */,
				FF45207F29C7B890003C6415 /* CardValidationTF.swift */,
				FF45208129C7B8CF003C6415 /* CreditCardType.swift */,
			);
			path = Card;
			sourceTree = "<group>";
		};
		FF45208A29CA1955003C6415 /* MoneyTransfer */ = {
			isa = PBXGroup;
			children = (
				FF45205C29C66A88003C6415 /* MoneyTransfer.swift */,
				FF45208829C92315003C6415 /* RecentTransferUsersList.swift */,
				FF45208B29CA1C32003C6415 /* TransferDetailView.swift */,
				FF45208F29CA5C93003C6415 /* TransferConfirmationCell.swift */,
				FF45209129CB247B003C6415 /* TransferSuccess.swift */,
			);
			path = MoneyTransfer;
			sourceTree = "<group>";
		};
		FF628DF129BA2CD000FE35EE = {
			isa = PBXGroup;
			children = (
				FF628E2829BA2D7600FE35EE /* .gitignore */,
				FF628DFC29BA2CD000FE35EE /* Banking */,
				FF628E0D29BA2CD200FE35EE /* BankingTests */,
				FF628E1729BA2CD200FE35EE /* BankingUITests */,
				FF628DFB29BA2CD000FE35EE /* Products */,
			);
			sourceTree = "<group>";
		};
		FF628DFB29BA2CD000FE35EE /* Products */ = {
			isa = PBXGroup;
			children = (
				FF628DFA29BA2CD000FE35EE /* Banking.app */,
				FF628E0A29BA2CD200FE35EE /* BankingTests.xctest */,
				FF628E1429BA2CD200FE35EE /* BankingUITests.xctest */,
			);
			name = Products;
			sourceTree = "<group>";
		};
		FF628DFC29BA2CD000FE35EE /* Banking */ = {
			isa = PBXGroup;
			children = (
				FF18C25F29BB28F3004EF3A3 /* Info.plist */,
				FF18C25329BA8E4E004EF3A3 /* Models */,
				FF18C25229BA8E43004EF3A3 /* Services */,
				FF18C25029BA8E2D004EF3A3 /* ViewModels */,
				FF18C24F29BA8E26004EF3A3 /* Views */,
				FF18C24E29BA8E1B004EF3A3 /* Utils */,
				FF628DFD29BA2CD000FE35EE /* BankingApp.swift */,
				FF628DFF29BA2CD000FE35EE /* ContentView.swift */,
				FF18C24C29BA84D6004EF3A3 /* GoogleService-Info.plist */,
				FF628E0129BA2CD200FE35EE /* Assets.xcassets */,
				FF628E0329BA2CD200FE35EE /* Preview Content */,
				FF18C24A29BA8042004EF3A3 /* AppDelegate.swift */,
				FF18C26829BB3199004EF3A3 /* Credentials.swift */,
				FFC2BCEF29BB5B7200E774FD /* Localizable.strings */,
				FFC2BCF129BB60E300E774FD /* font */,
				FF0D89DC29D0EC110062BC52 /* Launch Screen.storyboard */,
			);
			path = Banking;
			sourceTree = "<group>";
		};
		FF628E0329BA2CD200FE35EE /* Preview Content */ = {
			isa = PBXGroup;
			children = (
				FF628E0429BA2CD200FE35EE /* Preview Assets.xcassets */,
			);
			path = "Preview Content";
			sourceTree = "<group>";
		};
		FF628E0D29BA2CD200FE35EE /* BankingTests */ = {
			isa = PBXGroup;
			children = (
				FF628E0E29BA2CD200FE35EE /* BankingTests.swift */,
			);
			path = BankingTests;
			sourceTree = "<group>";
		};
		FF628E1729BA2CD200FE35EE /* BankingUITests */ = {
			isa = PBXGroup;
			children = (
				FF628E1829BA2CD200FE35EE /* BankingUITests.swift */,
				FF628E1A29BA2CD200FE35EE /* BankingUITestsLaunchTests.swift */,
			);
			path = BankingUITests;
			sourceTree = "<group>";
		};
		FF7A11CF29D7529400286366 /* Account */ = {
			isa = PBXGroup;
			children = (
				FF7A11D029D752A000286366 /* Account.swift */,
				FF7A11D429D777EB00286366 /* AccountListButton.swift */,
				FF7A11DC29D77FFF00286366 /* AccountViewPersonalInfo.swift */,
				FF7A11E029DAF64200286366 /* GeneralSettings.swift */,
				FF7A11E229DAF69400286366 /* GeneralSettingsCell.swift */,
			);
			path = Account;
			sourceTree = "<group>";
		};
		FF821BCA29D5C0B800F3BA0C /* RequestTransfer */ = {
			isa = PBXGroup;
			children = (
				FF821BCB29D5C0CB00F3BA0C /* RequestTransfer.swift */,
				FF821BCF29D5C47300F3BA0C /* SelectCardButton.swift */,
				FF821BD129D5C7F400F3BA0C /* SelectCardList.swift */,
				FF821BD329D5D89E00F3BA0C /* RequestTypeList.swift */,
				FF7A11CD29D70C7F00286366 /* RequestTransferSuccess.swift */,
			);
			path = RequestTransfer;
			sourceTree = "<group>";
		};
		FFAC1DE829D1C78700947CBC /* MyCards */ = {
			isa = PBXGroup;
			children = (
				FFAC1DE929D1C79500947CBC /* Cards.swift */,
				FFAC1DED29D1DA7D00947CBC /* AddNewCard.swift */,
				FFAC1DEF29D1DA8A00947CBC /* CardsList.swift */,
				FFAC1DF329D2205500947CBC /* CardDetailTextFieldDecorator.swift */,
				FFAC1DF529D23FAD00947CBC /* CardStyling.swift */,
				FFAC1DF729D253FE00947CBC /* RequestToAddNewCard.swift */,
				FFAC1DF929D2587C00947CBC /* CardStylingSelector.swift */,
			);
			path = MyCards;
			sourceTree = "<group>";
		};
		FFC2BCF129BB60E300E774FD /* font */ = {
			isa = PBXGroup;
			children = (
				FFC2BD0229BB72E300E774FD /* Roboto-Medium.ttf */,
				FFC2BCF429BB612100E774FD /* Roboto-Black.ttf */,
				FFC2BCF529BB612100E774FD /* Roboto-Bold.ttf */,
				FFC2BCF329BB612100E774FD /* Roboto-Light.ttf */,
				FFC2BCF229BB612100E774FD /* Roboto-Regular.ttf */,
			);
			path = font;
			sourceTree = "<group>";
		};
/* End PBXGroup section */

/* Begin PBXNativeTarget section */
		FF628DF929BA2CD000FE35EE /* Banking */ = {
			isa = PBXNativeTarget;
			buildConfigurationList = FF628E1E29BA2CD200FE35EE /* Build configuration list for PBXNativeTarget "Banking" */;
			buildPhases = (
				FF628DF629BA2CD000FE35EE /* Sources */,
				FF628DF729BA2CD000FE35EE /* Frameworks */,
				FF628DF829BA2CD000FE35EE /* Resources */,
			);
			buildRules = (
			);
			dependencies = (
			);
			name = Banking;
			packageProductDependencies = (
				FF18C24029BA8010004EF3A3 /* FirebaseAnalytics */,
				FF18C24229BA8010004EF3A3 /* FirebaseAuth */,
				FF18C24429BA8010004EF3A3 /* FirebaseFirestore */,
				FF18C24629BA8010004EF3A3 /* FirebaseFirestoreSwift */,
				FF18C24829BA8010004EF3A3 /* FirebaseStorage */,
				FF18C27229BB37C5004EF3A3 /* SDWebImageSwiftUI */,
				FF45204729C07B1E003C6415 /* KeychainSwift */,
			);
			productName = Banking;
			productReference = FF628DFA29BA2CD000FE35EE /* Banking.app */;
			productType = "com.apple.product-type.application";
		};
		FF628E0929BA2CD200FE35EE /* BankingTests */ = {
			isa = PBXNativeTarget;
			buildConfigurationList = FF628E2129BA2CD200FE35EE /* Build configuration list for PBXNativeTarget "BankingTests" */;
			buildPhases = (
				FF628E0629BA2CD200FE35EE /* Sources */,
				FF628E0729BA2CD200FE35EE /* Frameworks */,
				FF628E0829BA2CD200FE35EE /* Resources */,
			);
			buildRules = (
			);
			dependencies = (
				FF628E0C29BA2CD200FE35EE /* PBXTargetDependency */,
			);
			name = BankingTests;
			productName = BankingTests;
			productReference = FF628E0A29BA2CD200FE35EE /* BankingTests.xctest */;
			productType = "com.apple.product-type.bundle.unit-test";
		};
		FF628E1329BA2CD200FE35EE /* BankingUITests */ = {
			isa = PBXNativeTarget;
			buildConfigurationList = FF628E2429BA2CD200FE35EE /* Build configuration list for PBXNativeTarget "BankingUITests" */;
			buildPhases = (
				FF628E1029BA2CD200FE35EE /* Sources */,
				FF628E1129BA2CD200FE35EE /* Frameworks */,
				FF628E1229BA2CD200FE35EE /* Resources */,
			);
			buildRules = (
			);
			dependencies = (
				FF628E1629BA2CD200FE35EE /* PBXTargetDependency */,
			);
			name = BankingUITests;
			productName = BankingUITests;
			productReference = FF628E1429BA2CD200FE35EE /* BankingUITests.xctest */;
			productType = "com.apple.product-type.bundle.ui-testing";
		};
/* End PBXNativeTarget section */

/* Begin PBXProject section */
		FF628DF229BA2CD000FE35EE /* Project object */ = {
			isa = PBXProject;
			attributes = {
				BuildIndependentTargetsInParallel = 1;
				LastSwiftUpdateCheck = 1420;
				LastUpgradeCheck = 1420;
				TargetAttributes = {
					FF628DF929BA2CD000FE35EE = {
						CreatedOnToolsVersion = 14.2;
					};
					FF628E0929BA2CD200FE35EE = {
						CreatedOnToolsVersion = 14.2;
						TestTargetID = FF628DF929BA2CD000FE35EE;
					};
					FF628E1329BA2CD200FE35EE = {
						CreatedOnToolsVersion = 14.2;
						TestTargetID = FF628DF929BA2CD000FE35EE;
					};
				};
			};
			buildConfigurationList = FF628DF529BA2CD000FE35EE /* Build configuration list for PBXProject "Banking" */;
			compatibilityVersion = "Xcode 14.0";
			developmentRegion = en;
			hasScannedForEncodings = 0;
			knownRegions = (
				en,
				Base,
			);
			mainGroup = FF628DF129BA2CD000FE35EE;
			packageReferences = (
				FF18C23F29BA8010004EF3A3 /* XCRemoteSwiftPackageReference "firebase-ios-sdk" */,
				FF18C27129BB37C5004EF3A3 /* XCRemoteSwiftPackageReference "SDWebImageSwiftUI" */,
				FF45204629C07B1E003C6415 /* XCRemoteSwiftPackageReference "keychain-swift" */,
			);
			productRefGroup = FF628DFB29BA2CD000FE35EE /* Products */;
			projectDirPath = "";
			projectRoot = "";
			targets = (
				FF628DF929BA2CD000FE35EE /* Banking */,
				FF628E0929BA2CD200FE35EE /* BankingTests */,
				FF628E1329BA2CD200FE35EE /* BankingUITests */,
			);
		};
/* End PBXProject section */

/* Begin PBXResourcesBuildPhase section */
		FF628DF829BA2CD000FE35EE /* Resources */ = {
			isa = PBXResourcesBuildPhase;
			buildActionMask = 2147483647;
			files = (
				FFC2BD0329BB72E300E774FD /* Roboto-Medium.ttf in Resources */,
				FFC2BCF629BB612100E774FD /* Roboto-Regular.ttf in Resources */,
				FFC2BCF029BB5B7200E774FD /* Localizable.strings in Resources */,
				FF628E0529BA2CD200FE35EE /* Preview Assets.xcassets in Resources */,
				FFC2BCF829BB612100E774FD /* Roboto-Black.ttf in Resources */,
				FF628E2929BA2D7600FE35EE /* .gitignore in Resources */,
				FF0D89DD29D0EC110062BC52 /* Launch Screen.storyboard in Resources */,
				FFC2BCF929BB612100E774FD /* Roboto-Bold.ttf in Resources */,
				FFC2BCF729BB612100E774FD /* Roboto-Light.ttf in Resources */,
				FF18C24D29BA84D6004EF3A3 /* GoogleService-Info.plist in Resources */,
				FF628E0229BA2CD200FE35EE /* Assets.xcassets in Resources */,
			);
			runOnlyForDeploymentPostprocessing = 0;
		};
		FF628E0829BA2CD200FE35EE /* Resources */ = {
			isa = PBXResourcesBuildPhase;
			buildActionMask = 2147483647;
			files = (
			);
			runOnlyForDeploymentPostprocessing = 0;
		};
		FF628E1229BA2CD200FE35EE /* Resources */ = {
			isa = PBXResourcesBuildPhase;
			buildActionMask = 2147483647;
			files = (
			);
			runOnlyForDeploymentPostprocessing = 0;
		};
/* End PBXResourcesBuildPhase section */

/* Begin PBXSourcesBuildPhase section */
		FF628DF629BA2CD000FE35EE /* Sources */ = {
			isa = PBXSourcesBuildPhase;
			buildActionMask = 2147483647;
			files = (
				FF821BD229D5C7F400F3BA0C /* SelectCardList.swift in Sources */,
				FFAC1DF629D23FAD00947CBC /* CardStyling.swift in Sources */,
				FF7A11DF29D7876600286366 /* Gallery.swift in Sources */,
				FFC2BD0B29BBC7F000E774FD /* EnableBiometricAuthentication.swift in Sources */,
				FF45205929C66712003C6415 /* HomeMenu.swift in Sources */,
				FF18C26729BB3159004EF3A3 /* IntroductionPage.swift in Sources */,
				FF18C25829BB259D004EF3A3 /* AuthViewModel.swift in Sources */,
				FFAC1DF429D2205500947CBC /* CardDetailTextFieldDecorator.swift in Sources */,
				FFC2BCFD29BB6E2800E774FD /* Loading.swift in Sources */,
				FF45204A29C09705003C6415 /* CustomTabView.swift in Sources */,
				FF18C24B29BA8042004EF3A3 /* AppDelegate.swift in Sources */,
				FF18C26D29BB3226004EF3A3 /* AppColors.swift in Sources */,
				FFC2BCFB29BB628D00E774FD /* TextHelper.swift in Sources */,
				FF45205329C33D9B003C6415 /* HomeView.swift in Sources */,
				FFC2BD0529BB751600E774FD /* VerifyPhoneNumber.swift in Sources */,
				FF45205529C33DD7003C6415 /* AllTransactions.swift in Sources */,
				FF45206F29C73A1D003C6415 /* RecentTransactions.swift in Sources */,
				FF45206729C72D40003C6415 /* UserCard.swift in Sources */,
				FF38E9F629CCC17400610F5C /* ExpensePoint.swift in Sources */,
				FF45204C29C0FB3D003C6415 /* MainView.swift in Sources */,
				FF45208229C7B8CF003C6415 /* CreditCardType.swift in Sources */,
				FF7A11D729D77F4C00286366 /* UserInfo.swift in Sources */,
				FFC2BCEE29BB59EC00E774FD /* ButtonHelper.swift in Sources */,
				FF45208729C8F0EB003C6415 /* TransferSerive.swift in Sources */,
				FF38E9FA29CDDA8000610F5C /* ActivityCard.swift in Sources */,
				FF45205F29C66A96003C6415 /* Exchange.swift in Sources */,
				FFAC1DE729D1C33E00947CBC /* CongratulationAlert.swift in Sources */,
				FF18C26329BB2D0B004EF3A3 /* Enums.swift in Sources */,
				FFAC1DF829D253FE00947CBC /* RequestToAddNewCard.swift in Sources */,
				FF38E9F229CB75D500610F5C /* ActivityGraph.swift in Sources */,
				FF80568E29BDF4CE0081AD76 /* AuthenticateWithPin.swift in Sources */,
				FFAC1DEC29D1C7A400947CBC /* CardsViewModel.swift in Sources */,
				FFAC1DF229D1DB5D00947CBC /* CardService.swift in Sources */,
				FF18C26B29BB31C2004EF3A3 /* PreviewModels.swift in Sources */,
				FF80569629BDFA510081AD76 /* ConfirmPin.swift in Sources */,
				FF7A11E129DAF64200286366 /* GeneralSettings.swift in Sources */,
				FF7A11CC29D709F900286366 /* GlobalResponse.swift in Sources */,
				FF18C26929BB3199004EF3A3 /* Credentials.swift in Sources */,
				FFC2BCFF29BB6E7100E774FD /* CountryCodeSelection.swift in Sources */,
				FF38E9FC29CDDF2F00610F5C /* ActivityService.swift in Sources */,
				FF45209229CB247B003C6415 /* TransferSuccess.swift in Sources */,
				FF45207129C73AE7003C6415 /* TransactionPreview.swift in Sources */,
				FF7A11DD29D77FFF00286366 /* AccountViewPersonalInfo.swift in Sources */,
				FF7A11D529D777EB00286366 /* AccountListButton.swift in Sources */,
				FF821BD429D5D89E00F3BA0C /* RequestTypeList.swift in Sources */,
				FF628E0029BA2CD000FE35EE /* ContentView.swift in Sources */,
				FF45208929C92315003C6415 /* RecentTransferUsersList.swift in Sources */,
				FF45205729C66453003C6415 /* CardModel.swift in Sources */,
				FFAC1DFA29D2587C00947CBC /* CardStylingSelector.swift in Sources */,
				FF45206529C66DAD003C6415 /* Notifications.swift in Sources */,
				FF7A11D129D752A000286366 /* Account.swift in Sources */,
				FF821BCC29D5C0CB00F3BA0C /* RequestTransfer.swift in Sources */,
				FF45204E29C0FB95003C6415 /* ViewRouter.swift in Sources */,
				FFC2BD0929BBC7E100E774FD /* CreatePin.swift in Sources */,
				FF45207E29C7B57A003C6415 /* CardTextField.swift in Sources */,
				FF45205B29C66794003C6415 /* HomeMenuItem.swift in Sources */,
				FF80569229BDF6730081AD76 /* UserService.swift in Sources */,
				FF7A11D329D752C500286366 /* ViewInDevelopmentMode.swift in Sources */,
				FF18C25A29BB25A6004EF3A3 /* AlertViewModel.swift in Sources */,
				FF45208529C8F087003C6415 /* RecentTransfer.swift in Sources */,
				FF45205D29C66A88003C6415 /* MoneyTransfer.swift in Sources */,
				FFAC1DEA29D1C79500947CBC /* Cards.swift in Sources */,
				FFC2BD0129BB6F0600E774FD /* Extensions.swift in Sources */,
				FF45208029C7B890003C6415 /* CardValidationTF.swift in Sources */,
				FF18C25E29BB2677004EF3A3 /* APIHelper.swift in Sources */,
				FF821BD029D5C47300F3BA0C /* SelectCardButton.swift in Sources */,
				FF38E9F429CB75E300610F5C /* ActivityViewModel.swift in Sources */,
				FF45208C29CA1C32003C6415 /* TransferDetailView.swift in Sources */,
				FF45209029CA5C93003C6415 /* TransferConfirmationCell.swift in Sources */,
				FF7A11CE29D70C7F00286366 /* RequestTransferSuccess.swift in Sources */,
				FF628DFE29BA2CD000FE35EE /* BankingApp.swift in Sources */,
				FF38E9FE29CE00BB00610F5C /* AllTransferViewModel.swift in Sources */,
				FF45206329C66AB5003C6415 /* MoreTransfers.swift in Sources */,
				FF38E9F829CCC48500610F5C /* ActivityModel.swift in Sources */,
				FF45204529C079C3003C6415 /* KeychainManager.swift in Sources */,
				FF18C25629BA8E70004EF3A3 /* Introduction.swift in Sources */,
				FF45208E29CA53E9003C6415 /* CustomAlert.swift in Sources */,
				FF18C25C29BB25AF004EF3A3 /* AuthService.swift in Sources */,
				FFC2BD0729BB822100E774FD /* OTPTextFieldView.swift in Sources */,
				FF7A11E329DAF69400286366 /* GeneralSettingsCell.swift in Sources */,
				FF18C26529BB2D6F004EF3A3 /* IntroductionModel.swift in Sources */,
				FF45206929C7336C003C6415 /* CardHexDesign.swift in Sources */,
				FFAC1DEE29D1DA7D00947CBC /* AddNewCard.swift in Sources */,
				FF45206D29C733B7003C6415 /* HomeViewModel.swift in Sources */,
				FF80569429BDF7230081AD76 /* Authentication.swift in Sources */,
				FF7A11DB29D77FCF00286366 /* AccountViewModel.swift in Sources */,
				FFAC1DF029D1DA8A00947CBC /* CardsList.swift in Sources */,
				FF18C26129BB29DA004EF3A3 /* PhoneAuthentication.swift in Sources */,
				FF18C27029BB34BB004EF3A3 /* ImageHelper.swift in Sources */,
				FF45205029C33B01003C6415 /* ViewPaths.swift in Sources */,
				FF821BCE29D5C10500F3BA0C /* RequestTransferViewModel.swift in Sources */,
				FF38E9F029CB75A100610F5C /* Activity.swift in Sources */,
				FF45207329C7A565003C6415 /* TransferViewModel.swift in Sources */,
			);
			runOnlyForDeploymentPostprocessing = 0;
		};
		FF628E0629BA2CD200FE35EE /* Sources */ = {
			isa = PBXSourcesBuildPhase;
			buildActionMask = 2147483647;
			files = (
				FF628E0F29BA2CD200FE35EE /* BankingTests.swift in Sources */,
			);
			runOnlyForDeploymentPostprocessing = 0;
		};
		FF628E1029BA2CD200FE35EE /* Sources */ = {
			isa = PBXSourcesBuildPhase;
			buildActionMask = 2147483647;
			files = (
				FF628E1929BA2CD200FE35EE /* BankingUITests.swift in Sources */,
				FF628E1B29BA2CD200FE35EE /* BankingUITestsLaunchTests.swift in Sources */,
			);
			runOnlyForDeploymentPostprocessing = 0;
		};
/* End PBXSourcesBuildPhase section */

/* Begin PBXTargetDependency section */
		FF628E0C29BA2CD200FE35EE /* PBXTargetDependency */ = {
			isa = PBXTargetDependency;
			target = FF628DF929BA2CD000FE35EE /* Banking */;
			targetProxy = FF628E0B29BA2CD200FE35EE /* PBXContainerItemProxy */;
		};
		FF628E1629BA2CD200FE35EE /* PBXTargetDependency */ = {
			isa = PBXTargetDependency;
			target = FF628DF929BA2CD000FE35EE /* Banking */;
			targetProxy = FF628E1529BA2CD200FE35EE /* PBXContainerItemProxy */;
		};
/* End PBXTargetDependency section */

/* Begin XCBuildConfiguration section */
		FF628E1C29BA2CD200FE35EE /* Debug */ = {
			isa = XCBuildConfiguration;
			buildSettings = {
				ALWAYS_SEARCH_USER_PATHS = NO;
				CLANG_ANALYZER_NONNULL = YES;
				CLANG_ANALYZER_NUMBER_OBJECT_CONVERSION = YES_AGGRESSIVE;
				CLANG_CXX_LANGUAGE_STANDARD = "gnu++20";
				CLANG_ENABLE_MODULES = YES;
				CLANG_ENABLE_OBJC_ARC = YES;
				CLANG_ENABLE_OBJC_WEAK = YES;
				CLANG_WARN_BLOCK_CAPTURE_AUTORELEASING = YES;
				CLANG_WARN_BOOL_CONVERSION = YES;
				CLANG_WARN_COMMA = YES;
				CLANG_WARN_CONSTANT_CONVERSION = YES;
				CLANG_WARN_DEPRECATED_OBJC_IMPLEMENTATIONS = YES;
				CLANG_WARN_DIRECT_OBJC_ISA_USAGE = YES_ERROR;
				CLANG_WARN_DOCUMENTATION_COMMENTS = YES;
				CLANG_WARN_EMPTY_BODY = YES;
				CLANG_WARN_ENUM_CONVERSION = YES;
				CLANG_WARN_INFINITE_RECURSION = YES;
				CLANG_WARN_INT_CONVERSION = YES;
				CLANG_WARN_NON_LITERAL_NULL_CONVERSION = YES;
				CLANG_WARN_OBJC_IMPLICIT_RETAIN_SELF = YES;
				CLANG_WARN_OBJC_LITERAL_CONVERSION = YES;
				CLANG_WARN_OBJC_ROOT_CLASS = YES_ERROR;
				CLANG_WARN_QUOTED_INCLUDE_IN_FRAMEWORK_HEADER = YES;
				CLANG_WARN_RANGE_LOOP_ANALYSIS = YES;
				CLANG_WARN_STRICT_PROTOTYPES = YES;
				CLANG_WARN_SUSPICIOUS_MOVE = YES;
				CLANG_WARN_UNGUARDED_AVAILABILITY = YES_AGGRESSIVE;
				CLANG_WARN_UNREACHABLE_CODE = YES;
				CLANG_WARN__DUPLICATE_METHOD_MATCH = YES;
				COPY_PHASE_STRIP = NO;
				DEBUG_INFORMATION_FORMAT = dwarf;
				ENABLE_STRICT_OBJC_MSGSEND = YES;
				ENABLE_TESTABILITY = YES;
				GCC_C_LANGUAGE_STANDARD = gnu11;
				GCC_DYNAMIC_NO_PIC = NO;
				GCC_NO_COMMON_BLOCKS = YES;
				GCC_OPTIMIZATION_LEVEL = 0;
				GCC_PREPROCESSOR_DEFINITIONS = (
					"DEBUG=1",
					"$(inherited)",
				);
				GCC_WARN_64_TO_32_BIT_CONVERSION = YES;
				GCC_WARN_ABOUT_RETURN_TYPE = YES_ERROR;
				GCC_WARN_UNDECLARED_SELECTOR = YES;
				GCC_WARN_UNINITIALIZED_AUTOS = YES_AGGRESSIVE;
				GCC_WARN_UNUSED_FUNCTION = YES;
				GCC_WARN_UNUSED_VARIABLE = YES;
				IPHONEOS_DEPLOYMENT_TARGET = 16.2;
				MTL_ENABLE_DEBUG_INFO = INCLUDE_SOURCE;
				MTL_FAST_MATH = YES;
				ONLY_ACTIVE_ARCH = YES;
				SDKROOT = iphoneos;
				SWIFT_ACTIVE_COMPILATION_CONDITIONS = DEBUG;
				SWIFT_OPTIMIZATION_LEVEL = "-Onone";
			};
			name = Debug;
		};
		FF628E1D29BA2CD200FE35EE /* Release */ = {
			isa = XCBuildConfiguration;
			buildSettings = {
				ALWAYS_SEARCH_USER_PATHS = NO;
				CLANG_ANALYZER_NONNULL = YES;
				CLANG_ANALYZER_NUMBER_OBJECT_CONVERSION = YES_AGGRESSIVE;
				CLANG_CXX_LANGUAGE_STANDARD = "gnu++20";
				CLANG_ENABLE_MODULES = YES;
				CLANG_ENABLE_OBJC_ARC = YES;
				CLANG_ENABLE_OBJC_WEAK = YES;
				CLANG_WARN_BLOCK_CAPTURE_AUTORELEASING = YES;
				CLANG_WARN_BOOL_CONVERSION = YES;
				CLANG_WARN_COMMA = YES;
				CLANG_WARN_CONSTANT_CONVERSION = YES;
				CLANG_WARN_DEPRECATED_OBJC_IMPLEMENTATIONS = YES;
				CLANG_WARN_DIRECT_OBJC_ISA_USAGE = YES_ERROR;
				CLANG_WARN_DOCUMENTATION_COMMENTS = YES;
				CLANG_WARN_EMPTY_BODY = YES;
				CLANG_WARN_ENUM_CONVERSION = YES;
				CLANG_WARN_INFINITE_RECURSION = YES;
				CLANG_WARN_INT_CONVERSION = YES;
				CLANG_WARN_NON_LITERAL_NULL_CONVERSION = YES;
				CLANG_WARN_OBJC_IMPLICIT_RETAIN_SELF = YES;
				CLANG_WARN_OBJC_LITERAL_CONVERSION = YES;
				CLANG_WARN_OBJC_ROOT_CLASS = YES_ERROR;
				CLANG_WARN_QUOTED_INCLUDE_IN_FRAMEWORK_HEADER = YES;
				CLANG_WARN_RANGE_LOOP_ANALYSIS = YES;
				CLANG_WARN_STRICT_PROTOTYPES = YES;
				CLANG_WARN_SUSPICIOUS_MOVE = YES;
				CLANG_WARN_UNGUARDED_AVAILABILITY = YES_AGGRESSIVE;
				CLANG_WARN_UNREACHABLE_CODE = YES;
				CLANG_WARN__DUPLICATE_METHOD_MATCH = YES;
				COPY_PHASE_STRIP = NO;
				DEBUG_INFORMATION_FORMAT = "dwarf-with-dsym";
				ENABLE_NS_ASSERTIONS = NO;
				ENABLE_STRICT_OBJC_MSGSEND = YES;
				GCC_C_LANGUAGE_STANDARD = gnu11;
				GCC_NO_COMMON_BLOCKS = YES;
				GCC_WARN_64_TO_32_BIT_CONVERSION = YES;
				GCC_WARN_ABOUT_RETURN_TYPE = YES_ERROR;
				GCC_WARN_UNDECLARED_SELECTOR = YES;
				GCC_WARN_UNINITIALIZED_AUTOS = YES_AGGRESSIVE;
				GCC_WARN_UNUSED_FUNCTION = YES;
				GCC_WARN_UNUSED_VARIABLE = YES;
				IPHONEOS_DEPLOYMENT_TARGET = 16.2;
				MTL_ENABLE_DEBUG_INFO = NO;
				MTL_FAST_MATH = YES;
				SDKROOT = iphoneos;
				SWIFT_COMPILATION_MODE = wholemodule;
				SWIFT_OPTIMIZATION_LEVEL = "-O";
				VALIDATE_PRODUCT = YES;
			};
			name = Release;
		};
		FF628E1F29BA2CD200FE35EE /* Debug */ = {
			isa = XCBuildConfiguration;
			buildSettings = {
				ASSETCATALOG_COMPILER_APPICON_NAME = "AppIcon 1";
				ASSETCATALOG_COMPILER_GLOBAL_ACCENT_COLOR_NAME = AccentColor;
				CODE_SIGN_STYLE = Automatic;
				CURRENT_PROJECT_VERSION = 1;
				DEVELOPMENT_ASSET_PATHS = "\"Banking/Preview Content\"";
				DEVELOPMENT_TEAM = 8GVVA24YR6;
				ENABLE_PREVIEWS = YES;
				GENERATE_INFOPLIST_FILE = YES;
				INFOPLIST_FILE = Banking/Info.plist;
				INFOPLIST_KEY_CFBundleDisplayName = Neominty;
				INFOPLIST_KEY_LSApplicationCategoryType = "public.app-category.finance";
				INFOPLIST_KEY_NSFaceIDUsageDescription = "Authenticate yourself to unlock";
				INFOPLIST_KEY_UIApplicationSupportsIndirectInputEvents = YES;
				INFOPLIST_KEY_UILaunchScreen_Generation = YES;
				INFOPLIST_KEY_UILaunchStoryboardName = "Launch Screen.storyboard";
				INFOPLIST_KEY_UIRequiresFullScreen = YES;
				INFOPLIST_KEY_UISupportedInterfaceOrientations = UIInterfaceOrientationPortrait;
				INFOPLIST_KEY_UIUserInterfaceStyle = Light;
				IPHONEOS_DEPLOYMENT_TARGET = 16.0;
				LD_RUNPATH_SEARCH_PATHS = (
					"$(inherited)",
					"@executable_path/Frameworks",
				);
				MARKETING_VERSION = 1.0;
				PRODUCT_BUNDLE_IDENTIFIER = "com.xpn-development.Banking";
				PRODUCT_NAME = "$(TARGET_NAME)";
				SWIFT_EMIT_LOC_STRINGS = YES;
				SWIFT_VERSION = 5.0;
				TARGETED_DEVICE_FAMILY = "1,2";
			};
			name = Debug;
		};
		FF628E2029BA2CD200FE35EE /* Release */ = {
			isa = XCBuildConfiguration;
			buildSettings = {
				ASSETCATALOG_COMPILER_APPICON_NAME = "AppIcon 1";
				ASSETCATALOG_COMPILER_GLOBAL_ACCENT_COLOR_NAME = AccentColor;
				CODE_SIGN_STYLE = Automatic;
				CURRENT_PROJECT_VERSION = 1;
				DEVELOPMENT_ASSET_PATHS = "\"Banking/Preview Content\"";
				DEVELOPMENT_TEAM = 8GVVA24YR6;
				ENABLE_PREVIEWS = YES;
				GENERATE_INFOPLIST_FILE = YES;
				INFOPLIST_FILE = Banking/Info.plist;
				INFOPLIST_KEY_CFBundleDisplayName = Neominty;
				INFOPLIST_KEY_LSApplicationCategoryType = "public.app-category.finance";
				INFOPLIST_KEY_NSFaceIDUsageDescription = "Authenticate yourself to unlock";
				INFOPLIST_KEY_UIApplicationSupportsIndirectInputEvents = YES;
				INFOPLIST_KEY_UILaunchScreen_Generation = YES;
				INFOPLIST_KEY_UILaunchStoryboardName = "Launch Screen.storyboard";
				INFOPLIST_KEY_UIRequiresFullScreen = YES;
				INFOPLIST_KEY_UISupportedInterfaceOrientations = UIInterfaceOrientationPortrait;
				INFOPLIST_KEY_UIUserInterfaceStyle = Light;
				IPHONEOS_DEPLOYMENT_TARGET = 16.0;
				LD_RUNPATH_SEARCH_PATHS = (
					"$(inherited)",
					"@executable_path/Frameworks",
				);
				MARKETING_VERSION = 1.0;
				PRODUCT_BUNDLE_IDENTIFIER = "com.xpn-development.Banking";
				PRODUCT_NAME = "$(TARGET_NAME)";
				SWIFT_EMIT_LOC_STRINGS = YES;
				SWIFT_VERSION = 5.0;
				TARGETED_DEVICE_FAMILY = "1,2";
			};
			name = Release;
		};
		FF628E2229BA2CD200FE35EE /* Debug */ = {
			isa = XCBuildConfiguration;
			buildSettings = {
				ALWAYS_EMBED_SWIFT_STANDARD_LIBRARIES = YES;
				BUNDLE_LOADER = "$(TEST_HOST)";
				CODE_SIGN_STYLE = Automatic;
				CURRENT_PROJECT_VERSION = 1;
				DEVELOPMENT_TEAM = SH2JVKZG3B;
				GENERATE_INFOPLIST_FILE = YES;
				IPHONEOS_DEPLOYMENT_TARGET = 16.2;
				MARKETING_VERSION = 1.0;
				PRODUCT_BUNDLE_IDENTIFIER = "com.xpn-development.BankingTests";
				PRODUCT_NAME = "$(TARGET_NAME)";
				SWIFT_EMIT_LOC_STRINGS = NO;
				SWIFT_VERSION = 5.0;
				TARGETED_DEVICE_FAMILY = "1,2";
				TEST_HOST = "$(BUILT_PRODUCTS_DIR)/Banking.app/$(BUNDLE_EXECUTABLE_FOLDER_PATH)/Banking";
			};
			name = Debug;
		};
		FF628E2329BA2CD200FE35EE /* Release */ = {
			isa = XCBuildConfiguration;
			buildSettings = {
				ALWAYS_EMBED_SWIFT_STANDARD_LIBRARIES = YES;
				BUNDLE_LOADER = "$(TEST_HOST)";
				CODE_SIGN_STYLE = Automatic;
				CURRENT_PROJECT_VERSION = 1;
				DEVELOPMENT_TEAM = SH2JVKZG3B;
				GENERATE_INFOPLIST_FILE = YES;
				IPHONEOS_DEPLOYMENT_TARGET = 16.2;
				MARKETING_VERSION = 1.0;
				PRODUCT_BUNDLE_IDENTIFIER = "com.xpn-development.BankingTests";
				PRODUCT_NAME = "$(TARGET_NAME)";
				SWIFT_EMIT_LOC_STRINGS = NO;
				SWIFT_VERSION = 5.0;
				TARGETED_DEVICE_FAMILY = "1,2";
				TEST_HOST = "$(BUILT_PRODUCTS_DIR)/Banking.app/$(BUNDLE_EXECUTABLE_FOLDER_PATH)/Banking";
			};
			name = Release;
		};
		FF628E2529BA2CD200FE35EE /* Debug */ = {
			isa = XCBuildConfiguration;
			buildSettings = {
				ALWAYS_EMBED_SWIFT_STANDARD_LIBRARIES = YES;
				CODE_SIGN_STYLE = Automatic;
				CURRENT_PROJECT_VERSION = 1;
				DEVELOPMENT_TEAM = SH2JVKZG3B;
				GENERATE_INFOPLIST_FILE = YES;
				MARKETING_VERSION = 1.0;
				PRODUCT_BUNDLE_IDENTIFIER = "com.xpn-development.BankingUITests";
				PRODUCT_NAME = "$(TARGET_NAME)";
				SWIFT_EMIT_LOC_STRINGS = NO;
				SWIFT_VERSION = 5.0;
				TARGETED_DEVICE_FAMILY = "1,2";
				TEST_TARGET_NAME = Banking;
			};
			name = Debug;
		};
		FF628E2629BA2CD200FE35EE /* Release */ = {
			isa = XCBuildConfiguration;
			buildSettings = {
				ALWAYS_EMBED_SWIFT_STANDARD_LIBRARIES = YES;
				CODE_SIGN_STYLE = Automatic;
				CURRENT_PROJECT_VERSION = 1;
				DEVELOPMENT_TEAM = SH2JVKZG3B;
				GENERATE_INFOPLIST_FILE = YES;
				MARKETING_VERSION = 1.0;
				PRODUCT_BUNDLE_IDENTIFIER = "com.xpn-development.BankingUITests";
				PRODUCT_NAME = "$(TARGET_NAME)";
				SWIFT_EMIT_LOC_STRINGS = NO;
				SWIFT_VERSION = 5.0;
				TARGETED_DEVICE_FAMILY = "1,2";
				TEST_TARGET_NAME = Banking;
			};
			name = Release;
		};
/* End XCBuildConfiguration section */

/* Begin XCConfigurationList section */
		FF628DF529BA2CD000FE35EE /* Build configuration list for PBXProject "Banking" */ = {
			isa = XCConfigurationList;
			buildConfigurations = (
				FF628E1C29BA2CD200FE35EE /* Debug */,
				FF628E1D29BA2CD200FE35EE /* Release */,
			);
			defaultConfigurationIsVisible = 0;
			defaultConfigurationName = Release;
		};
		FF628E1E29BA2CD200FE35EE /* Build configuration list for PBXNativeTarget "Banking" */ = {
			isa = XCConfigurationList;
			buildConfigurations = (
				FF628E1F29BA2CD200FE35EE /* Debug */,
				FF628E2029BA2CD200FE35EE /* Release */,
			);
			defaultConfigurationIsVisible = 0;
			defaultConfigurationName = Release;
		};
		FF628E2129BA2CD200FE35EE /* Build configuration list for PBXNativeTarget "BankingTests" */ = {
			isa = XCConfigurationList;
			buildConfigurations = (
				FF628E2229BA2CD200FE35EE /* Debug */,
				FF628E2329BA2CD200FE35EE /* Release */,
			);
			defaultConfigurationIsVisible = 0;
			defaultConfigurationName = Release;
		};
		FF628E2429BA2CD200FE35EE /* Build configuration list for PBXNativeTarget "BankingUITests" */ = {
			isa = XCConfigurationList;
			buildConfigurations = (
				FF628E2529BA2CD200FE35EE /* Debug */,
				FF628E2629BA2CD200FE35EE /* Release */,
			);
			defaultConfigurationIsVisible = 0;
			defaultConfigurationName = Release;
		};
/* End XCConfigurationList section */

/* Begin XCRemoteSwiftPackageReference section */
		FF18C23F29BA8010004EF3A3 /* XCRemoteSwiftPackageReference "firebase-ios-sdk" */ = {
			isa = XCRemoteSwiftPackageReference;
			repositoryURL = "https://github.com/firebase/firebase-ios-sdk";
			requirement = {
				branch = master;
				kind = branch;
			};
		};
		FF18C27129BB37C5004EF3A3 /* XCRemoteSwiftPackageReference "SDWebImageSwiftUI" */ = {
			isa = XCRemoteSwiftPackageReference;
			repositoryURL = "https://github.com/SDWebImage/SDWebImageSwiftUI.git";
			requirement = {
				branch = master;
				kind = branch;
			};
		};
		FF45204629C07B1E003C6415 /* XCRemoteSwiftPackageReference "keychain-swift" */ = {
			isa = XCRemoteSwiftPackageReference;
			repositoryURL = "https://github.com/evgenyneu/keychain-swift";
			requirement = {
				branch = master;
				kind = branch;
			};
		};
/* End XCRemoteSwiftPackageReference section */

/* Begin XCSwiftPackageProductDependency section */
		FF18C24029BA8010004EF3A3 /* FirebaseAnalytics */ = {
			isa = XCSwiftPackageProductDependency;
			package = FF18C23F29BA8010004EF3A3 /* XCRemoteSwiftPackageReference "firebase-ios-sdk" */;
			productName = FirebaseAnalytics;
		};
		FF18C24229BA8010004EF3A3 /* FirebaseAuth */ = {
			isa = XCSwiftPackageProductDependency;
			package = FF18C23F29BA8010004EF3A3 /* XCRemoteSwiftPackageReference "firebase-ios-sdk" */;
			productName = FirebaseAuth;
		};
		FF18C24429BA8010004EF3A3 /* FirebaseFirestore */ = {
			isa = XCSwiftPackageProductDependency;
			package = FF18C23F29BA8010004EF3A3 /* XCRemoteSwiftPackageReference "firebase-ios-sdk" */;
			productName = FirebaseFirestore;
		};
		FF18C24629BA8010004EF3A3 /* FirebaseFirestoreSwift */ = {
			isa = XCSwiftPackageProductDependency;
			package = FF18C23F29BA8010004EF3A3 /* XCRemoteSwiftPackageReference "firebase-ios-sdk" */;
			productName = FirebaseFirestoreSwift;
		};
		FF18C24829BA8010004EF3A3 /* FirebaseStorage */ = {
			isa = XCSwiftPackageProductDependency;
			package = FF18C23F29BA8010004EF3A3 /* XCRemoteSwiftPackageReference "firebase-ios-sdk" */;
			productName = FirebaseStorage;
		};
		FF18C27229BB37C5004EF3A3 /* SDWebImageSwiftUI */ = {
			isa = XCSwiftPackageProductDependency;
			package = FF18C27129BB37C5004EF3A3 /* XCRemoteSwiftPackageReference "SDWebImageSwiftUI" */;
			productName = SDWebImageSwiftUI;
		};
		FF45204729C07B1E003C6415 /* KeychainSwift */ = {
			isa = XCSwiftPackageProductDependency;
			package = FF45204629C07B1E003C6415 /* XCRemoteSwiftPackageReference "keychain-swift" */;
			productName = KeychainSwift;
		};
/* End XCSwiftPackageProductDependency section */
	};
	rootObject = FF628DF229BA2CD000FE35EE /* Project object */;
}
